// !$*UTF8*$!
{
	archiveVersion = 1;
	classes = {
	};
	objectVersion = 50;
	objects = {

/* Begin PBXBuildFile section */
		2B421823282B4857009ADA05 /* DailyQuantity.swift in Sources */ = {isa = PBXBuildFile; fileRef = 2B421822282B4857009ADA05 /* DailyQuantity.swift */; };
		2B71BC6C281A345200F48CCE /* InBody_HealthKit.h in Headers */ = {isa = PBXBuildFile; fileRef = 2B71BC6A281A345100F48CCE /* InBody_HealthKit.h */; settings = {ATTRIBUTES = (Public, ); }; };
		2B71BC89281A72BC00F48CCE /* HealthKit.framework in Frameworks */ = {isa = PBXBuildFile; fileRef = 2B71BC88281A72BC00F48CCE /* HealthKit.framework */; };
		2B71BC8B281A732800F48CCE /* HealthKitSetupManager.swift in Sources */ = {isa = PBXBuildFile; fileRef = 2B71BC8A281A732800F48CCE /* HealthKitSetupManager.swift */; };
		2B71BC8E281A74EC00F48CCE /* Quantity.swift in Sources */ = {isa = PBXBuildFile; fileRef = 2B71BC8D281A74EC00F48CCE /* Quantity.swift */; };
		2B71BC90281A753600F48CCE /* LoadQuantityTypeData.swift in Sources */ = {isa = PBXBuildFile; fileRef = 2B71BC8F281A753600F48CCE /* LoadQuantityTypeData.swift */; };
		2B71BC93281A759C00F48CCE /* Date+Extensions.swift in Sources */ = {isa = PBXBuildFile; fileRef = 2B71BC92281A759C00F48CCE /* Date+Extensions.swift */; };
		2B71BC96281A761300F48CCE /* HKWorkoutActivityType+String.swift in Sources */ = {isa = PBXBuildFile; fileRef = 2B71BC95281A761300F48CCE /* HKWorkoutActivityType+String.swift */; };
		2B71BC98281A785F00F48CCE /* LoadWorkoutTypeData.swift in Sources */ = {isa = PBXBuildFile; fileRef = 2B71BC97281A785F00F48CCE /* LoadWorkoutTypeData.swift */; };
		2B71BC9A281A841A00F48CCE /* Workout.swift in Sources */ = {isa = PBXBuildFile; fileRef = 2B71BC99281A841A00F48CCE /* Workout.swift */; };
		2B71BC9C281B676000F48CCE /* LoadCharacteristicTypeData.swift in Sources */ = {isa = PBXBuildFile; fileRef = 2B71BC9B281B675F00F48CCE /* LoadCharacteristicTypeData.swift */; };
		2B71BC9E281B683700F48CCE /* HKBloodType+String.swift in Sources */ = {isa = PBXBuildFile; fileRef = 2B71BC9D281B683700F48CCE /* HKBloodType+String.swift */; };
		2B71BCA0281B685C00F48CCE /* HKBiologicalSex+String.swift in Sources */ = {isa = PBXBuildFile; fileRef = 2B71BC9F281B685C00F48CCE /* HKBiologicalSex+String.swift */; };
		2B71BCA2281B687300F48CCE /* HKFitzpatrickSkinType+String.swift in Sources */ = {isa = PBXBuildFile; fileRef = 2B71BCA1281B687300F48CCE /* HKFitzpatrickSkinType+String.swift */; };
		2B71BCD1281B7CAA00F48CCE /* LoadCategoryTypeData.swift in Sources */ = {isa = PBXBuildFile; fileRef = 2B71BCD0281B7CAA00F48CCE /* LoadCategoryTypeData.swift */; };
		2B71BCD8281B864100F48CCE /* Category.swift in Sources */ = {isa = PBXBuildFile; fileRef = 2B71BCD7281B864100F48CCE /* Category.swift */; };
		2B86072628211E1F00DB7E09 /* HKCategoryValueSleepAnalysis+String.swift in Sources */ = {isa = PBXBuildFile; fileRef = 2B86072528211E1F00DB7E09 /* HKCategoryValueSleepAnalysis+String.swift */; };
		2B8607292822078E00DB7E09 /* HKCategoryValueAppleStandHour+String.swift in Sources */ = {isa = PBXBuildFile; fileRef = 2B8607282822078E00DB7E09 /* HKCategoryValueAppleStandHour+String.swift */; };
		2B86072B282207F000DB7E09 /* HKCategoryValueLowCardioFitnessEvent+String.swift in Sources */ = {isa = PBXBuildFile; fileRef = 2B86072A282207F000DB7E09 /* HKCategoryValueLowCardioFitnessEvent+String.swift */; };
		2B86072D2822082D00DB7E09 /* HKCategoryValueCervicalMucusQuality+String.swift in Sources */ = {isa = PBXBuildFile; fileRef = 2B86072C2822082D00DB7E09 /* HKCategoryValueCervicalMucusQuality+String.swift */; };
		2B86072F2822089000DB7E09 /* HKCategoryValueOvulationTestResult+String.swift in Sources */ = {isa = PBXBuildFile; fileRef = 2B86072E2822089000DB7E09 /* HKCategoryValueOvulationTestResult+String.swift */; };
		2B8607312822091000DB7E09 /* HKCategoryValueMenstrualFlow+String.swift in Sources */ = {isa = PBXBuildFile; fileRef = 2B8607302822091000DB7E09 /* HKCategoryValueMenstrualFlow+String.swift */; };
		2B8607332822098A00DB7E09 /* HKCategoryValueContraceptive+String.swift in Sources */ = {isa = PBXBuildFile; fileRef = 2B8607322822098A00DB7E09 /* HKCategoryValueContraceptive+String.swift */; };
		2B860735282214D900DB7E09 /* HKCategoryValueSeverity+String.swift in Sources */ = {isa = PBXBuildFile; fileRef = 2B860734282214D900DB7E09 /* HKCategoryValueSeverity+String.swift */; };
		2B8607372822161D00DB7E09 /* HKCategoryValuePresence+String.swift in Sources */ = {isa = PBXBuildFile; fileRef = 2B8607362822161D00DB7E09 /* HKCategoryValuePresence+String.swift */; };
		2B8607392822166300DB7E09 /* HKCategoryValueAppetiteChanges+String.swift in Sources */ = {isa = PBXBuildFile; fileRef = 2B8607382822166300DB7E09 /* HKCategoryValueAppetiteChanges+String.swift */; };
		2B86073B282217BE00DB7E09 /* HKCategoryValue+String.swift in Sources */ = {isa = PBXBuildFile; fileRef = 2B86073A282217BE00DB7E09 /* HKCategoryValue+String.swift */; };
		2B86073D28221ECA00DB7E09 /* HKActivityMoveMode+String.swift in Sources */ = {isa = PBXBuildFile; fileRef = 2B86073C28221ECA00DB7E09 /* HKActivityMoveMode+String.swift */; };
		2B86073F28221F5200DB7E09 /* HKWheelchairUse+String.swift in Sources */ = {isa = PBXBuildFile; fileRef = 2B86073E28221F5200DB7E09 /* HKWheelchairUse+String.swift */; };
		2B86078728226F5400DB7E09 /* HKCategoryValueEnvironmentalAudioExposureEvent+String.swift in Sources */ = {isa = PBXBuildFile; fileRef = 2B86078628226F5400DB7E09 /* HKCategoryValueEnvironmentalAudioExposureEvent+String.swift */; };
		2B86078928226FAD00DB7E09 /* HKCategoryValueHeadphoneAudioExposureEvent+String.swift in Sources */ = {isa = PBXBuildFile; fileRef = 2B86078828226FAD00DB7E09 /* HKCategoryValueHeadphoneAudioExposureEvent+String.swift */; };
/* End PBXBuildFile section */

/* Begin PBXFileReference section */
		2B421822282B4857009ADA05 /* DailyQuantity.swift */ = {isa = PBXFileReference; lastKnownFileType = sourcecode.swift; path = DailyQuantity.swift; sourceTree = "<group>"; };
		2B71BC67281A345100F48CCE /* InBody_HealthKit.framework */ = {isa = PBXFileReference; explicitFileType = wrapper.framework; includeInIndex = 0; path = InBody_HealthKit.framework; sourceTree = BUILT_PRODUCTS_DIR; };
		2B71BC6A281A345100F48CCE /* InBody_HealthKit.h */ = {isa = PBXFileReference; lastKnownFileType = sourcecode.c.h; path = InBody_HealthKit.h; sourceTree = "<group>"; };
		2B71BC6B281A345200F48CCE /* Info.plist */ = {isa = PBXFileReference; lastKnownFileType = text.plist.xml; path = Info.plist; sourceTree = "<group>"; };
		2B71BC88281A72BC00F48CCE /* HealthKit.framework */ = {isa = PBXFileReference; lastKnownFileType = wrapper.framework; name = HealthKit.framework; path = Platforms/MacOSX.platform/Developer/SDKs/MacOSX11.3.sdk/System/iOSSupport/System/Library/Frameworks/HealthKit.framework; sourceTree = DEVELOPER_DIR; };
		2B71BC8A281A732800F48CCE /* HealthKitSetupManager.swift */ = {isa = PBXFileReference; lastKnownFileType = sourcecode.swift; path = HealthKitSetupManager.swift; sourceTree = "<group>"; };
		2B71BC8D281A74EC00F48CCE /* Quantity.swift */ = {isa = PBXFileReference; lastKnownFileType = sourcecode.swift; path = Quantity.swift; sourceTree = "<group>"; };
		2B71BC8F281A753600F48CCE /* LoadQuantityTypeData.swift */ = {isa = PBXFileReference; lastKnownFileType = sourcecode.swift; path = LoadQuantityTypeData.swift; sourceTree = "<group>"; };
		2B71BC92281A759C00F48CCE /* Date+Extensions.swift */ = {isa = PBXFileReference; lastKnownFileType = sourcecode.swift; path = "Date+Extensions.swift"; sourceTree = "<group>"; };
		2B71BC95281A761300F48CCE /* HKWorkoutActivityType+String.swift */ = {isa = PBXFileReference; lastKnownFileType = sourcecode.swift; path = "HKWorkoutActivityType+String.swift"; sourceTree = "<group>"; };
		2B71BC97281A785F00F48CCE /* LoadWorkoutTypeData.swift */ = {isa = PBXFileReference; lastKnownFileType = sourcecode.swift; path = LoadWorkoutTypeData.swift; sourceTree = "<group>"; };
		2B71BC99281A841A00F48CCE /* Workout.swift */ = {isa = PBXFileReference; lastKnownFileType = sourcecode.swift; path = Workout.swift; sourceTree = "<group>"; };
		2B71BC9B281B675F00F48CCE /* LoadCharacteristicTypeData.swift */ = {isa = PBXFileReference; lastKnownFileType = sourcecode.swift; path = LoadCharacteristicTypeData.swift; sourceTree = "<group>"; };
		2B71BC9D281B683700F48CCE /* HKBloodType+String.swift */ = {isa = PBXFileReference; lastKnownFileType = sourcecode.swift; path = "HKBloodType+String.swift"; sourceTree = "<group>"; };
		2B71BC9F281B685C00F48CCE /* HKBiologicalSex+String.swift */ = {isa = PBXFileReference; lastKnownFileType = sourcecode.swift; path = "HKBiologicalSex+String.swift"; sourceTree = "<group>"; };
		2B71BCA1281B687300F48CCE /* HKFitzpatrickSkinType+String.swift */ = {isa = PBXFileReference; lastKnownFileType = sourcecode.swift; path = "HKFitzpatrickSkinType+String.swift"; sourceTree = "<group>"; };
		2B71BCD0281B7CAA00F48CCE /* LoadCategoryTypeData.swift */ = {isa = PBXFileReference; lastKnownFileType = sourcecode.swift; path = LoadCategoryTypeData.swift; sourceTree = "<group>"; };
		2B71BCD7281B864100F48CCE /* Category.swift */ = {isa = PBXFileReference; lastKnownFileType = sourcecode.swift; path = Category.swift; sourceTree = "<group>"; };
		2B86072528211E1F00DB7E09 /* HKCategoryValueSleepAnalysis+String.swift */ = {isa = PBXFileReference; lastKnownFileType = sourcecode.swift; path = "HKCategoryValueSleepAnalysis+String.swift"; sourceTree = "<group>"; };
		2B8607282822078E00DB7E09 /* HKCategoryValueAppleStandHour+String.swift */ = {isa = PBXFileReference; lastKnownFileType = sourcecode.swift; path = "HKCategoryValueAppleStandHour+String.swift"; sourceTree = "<group>"; };
		2B86072A282207F000DB7E09 /* HKCategoryValueLowCardioFitnessEvent+String.swift */ = {isa = PBXFileReference; lastKnownFileType = sourcecode.swift; path = "HKCategoryValueLowCardioFitnessEvent+String.swift"; sourceTree = "<group>"; };
		2B86072C2822082D00DB7E09 /* HKCategoryValueCervicalMucusQuality+String.swift */ = {isa = PBXFileReference; lastKnownFileType = sourcecode.swift; path = "HKCategoryValueCervicalMucusQuality+String.swift"; sourceTree = "<group>"; };
		2B86072E2822089000DB7E09 /* HKCategoryValueOvulationTestResult+String.swift */ = {isa = PBXFileReference; lastKnownFileType = sourcecode.swift; path = "HKCategoryValueOvulationTestResult+String.swift"; sourceTree = "<group>"; };
		2B8607302822091000DB7E09 /* HKCategoryValueMenstrualFlow+String.swift */ = {isa = PBXFileReference; lastKnownFileType = sourcecode.swift; path = "HKCategoryValueMenstrualFlow+String.swift"; sourceTree = "<group>"; };
		2B8607322822098A00DB7E09 /* HKCategoryValueContraceptive+String.swift */ = {isa = PBXFileReference; lastKnownFileType = sourcecode.swift; path = "HKCategoryValueContraceptive+String.swift"; sourceTree = "<group>"; };
		2B860734282214D900DB7E09 /* HKCategoryValueSeverity+String.swift */ = {isa = PBXFileReference; lastKnownFileType = sourcecode.swift; path = "HKCategoryValueSeverity+String.swift"; sourceTree = "<group>"; };
		2B8607362822161D00DB7E09 /* HKCategoryValuePresence+String.swift */ = {isa = PBXFileReference; lastKnownFileType = sourcecode.swift; path = "HKCategoryValuePresence+String.swift"; sourceTree = "<group>"; };
		2B8607382822166300DB7E09 /* HKCategoryValueAppetiteChanges+String.swift */ = {isa = PBXFileReference; lastKnownFileType = sourcecode.swift; path = "HKCategoryValueAppetiteChanges+String.swift"; sourceTree = "<group>"; };
		2B86073A282217BE00DB7E09 /* HKCategoryValue+String.swift */ = {isa = PBXFileReference; lastKnownFileType = sourcecode.swift; path = "HKCategoryValue+String.swift"; sourceTree = "<group>"; };
		2B86073C28221ECA00DB7E09 /* HKActivityMoveMode+String.swift */ = {isa = PBXFileReference; lastKnownFileType = sourcecode.swift; path = "HKActivityMoveMode+String.swift"; sourceTree = "<group>"; };
		2B86073E28221F5200DB7E09 /* HKWheelchairUse+String.swift */ = {isa = PBXFileReference; lastKnownFileType = sourcecode.swift; path = "HKWheelchairUse+String.swift"; sourceTree = "<group>"; };
		2B86078628226F5400DB7E09 /* HKCategoryValueEnvironmentalAudioExposureEvent+String.swift */ = {isa = PBXFileReference; lastKnownFileType = sourcecode.swift; path = "HKCategoryValueEnvironmentalAudioExposureEvent+String.swift"; sourceTree = "<group>"; };
		2B86078828226FAD00DB7E09 /* HKCategoryValueHeadphoneAudioExposureEvent+String.swift */ = {isa = PBXFileReference; lastKnownFileType = sourcecode.swift; path = "HKCategoryValueHeadphoneAudioExposureEvent+String.swift"; sourceTree = "<group>"; };
/* End PBXFileReference section */

/* Begin PBXFrameworksBuildPhase section */
		2B71BC64281A345100F48CCE /* Frameworks */ = {
			isa = PBXFrameworksBuildPhase;
			buildActionMask = 2147483647;
			files = (
				2B71BC89281A72BC00F48CCE /* HealthKit.framework in Frameworks */,
			);
			runOnlyForDeploymentPostprocessing = 0;
		};
/* End PBXFrameworksBuildPhase section */

/* Begin PBXGroup section */
		2B71BC5D281A345100F48CCE = {
			isa = PBXGroup;
			children = (
				2B71BC69281A345100F48CCE /* InBody_HealthKit */,
				2B71BC68281A345100F48CCE /* Products */,
				2B71BC87281A72BB00F48CCE /* Frameworks */,
			);
			sourceTree = "<group>";
		};
		2B71BC68281A345100F48CCE /* Products */ = {
			isa = PBXGroup;
			children = (
				2B71BC67281A345100F48CCE /* InBody_HealthKit.framework */,
			);
			name = Products;
			sourceTree = "<group>";
		};
		2B71BC69281A345100F48CCE /* InBody_HealthKit */ = {
			isa = PBXGroup;
			children = (
				2B71BC8A281A732800F48CCE /* HealthKitSetupManager.swift */,
				2B71BCD5281B7F0E00F48CCE /* Characteristic */,
				2B71BCD3281B7EF500F48CCE /* Category */,
				2B71BCD2281B7EE600F48CCE /* Quantity */,
				2B71BCD4281B7EFD00F48CCE /* Workout */,
				2B71BC91281A758B00F48CCE /* Extensions */,
				2B71BC6A281A345100F48CCE /* InBody_HealthKit.h */,
				2B71BC6B281A345200F48CCE /* Info.plist */,
			);
			path = InBody_HealthKit;
			sourceTree = "<group>";
		};
		2B71BC87281A72BB00F48CCE /* Frameworks */ = {
			isa = PBXGroup;
			children = (
				2B71BC88281A72BC00F48CCE /* HealthKit.framework */,
			);
			name = Frameworks;
			sourceTree = "<group>";
		};
		2B71BC91281A758B00F48CCE /* Extensions */ = {
			isa = PBXGroup;
			children = (
				2B71BC92281A759C00F48CCE /* Date+Extensions.swift */,
			);
			path = Extensions;
			sourceTree = "<group>";
		};
		2B71BC94281A75F300F48CCE /* Characteristic+Extenstions */ = {
			isa = PBXGroup;
			children = (
				2B71BC9D281B683700F48CCE /* HKBloodType+String.swift */,
				2B71BC9F281B685C00F48CCE /* HKBiologicalSex+String.swift */,
				2B71BCA1281B687300F48CCE /* HKFitzpatrickSkinType+String.swift */,
				2B86073C28221ECA00DB7E09 /* HKActivityMoveMode+String.swift */,
				2B86073E28221F5200DB7E09 /* HKWheelchairUse+String.swift */,
			);
			path = "Characteristic+Extenstions";
			sourceTree = "<group>";
		};
		2B71BCD2281B7EE600F48CCE /* Quantity */ = {
			isa = PBXGroup;
			children = (
				2B71BC8D281A74EC00F48CCE /* Quantity.swift */,
				2B421822282B4857009ADA05 /* DailyQuantity.swift */,
				2B71BC8F281A753600F48CCE /* LoadQuantityTypeData.swift */,
			);
			path = Quantity;
			sourceTree = "<group>";
		};
		2B71BCD3281B7EF500F48CCE /* Category */ = {
			isa = PBXGroup;
			children = (
				2B8607272821207900DB7E09 /* CategoryValue+Extensions */,
				2B71BCD7281B864100F48CCE /* Category.swift */,
				2B71BCD0281B7CAA00F48CCE /* LoadCategoryTypeData.swift */,
			);
			path = Category;
			sourceTree = "<group>";
		};
		2B71BCD4281B7EFD00F48CCE /* Workout */ = {
			isa = PBXGroup;
			children = (
				2B860742282220A900DB7E09 /* Workout+Extensions */,
				2B71BC99281A841A00F48CCE /* Workout.swift */,
				2B71BC97281A785F00F48CCE /* LoadWorkoutTypeData.swift */,
			);
			path = Workout;
			sourceTree = "<group>";
		};
		2B71BCD5281B7F0E00F48CCE /* Characteristic */ = {
			isa = PBXGroup;
			children = (
				2B71BC94281A75F300F48CCE /* Characteristic+Extenstions */,
				2B71BC9B281B675F00F48CCE /* LoadCharacteristicTypeData.swift */,
			);
			path = Characteristic;
			sourceTree = "<group>";
		};
		2B8607272821207900DB7E09 /* CategoryValue+Extensions */ = {
			isa = PBXGroup;
			children = (
				2B86072528211E1F00DB7E09 /* HKCategoryValueSleepAnalysis+String.swift */,
				2B8607282822078E00DB7E09 /* HKCategoryValueAppleStandHour+String.swift */,
				2B86072A282207F000DB7E09 /* HKCategoryValueLowCardioFitnessEvent+String.swift */,
				2B86072C2822082D00DB7E09 /* HKCategoryValueCervicalMucusQuality+String.swift */,
				2B86072E2822089000DB7E09 /* HKCategoryValueOvulationTestResult+String.swift */,
				2B8607302822091000DB7E09 /* HKCategoryValueMenstrualFlow+String.swift */,
				2B8607322822098A00DB7E09 /* HKCategoryValueContraceptive+String.swift */,
				2B860734282214D900DB7E09 /* HKCategoryValueSeverity+String.swift */,
				2B8607362822161D00DB7E09 /* HKCategoryValuePresence+String.swift */,
				2B8607382822166300DB7E09 /* HKCategoryValueAppetiteChanges+String.swift */,
				2B86073A282217BE00DB7E09 /* HKCategoryValue+String.swift */,
				2B86078628226F5400DB7E09 /* HKCategoryValueEnvironmentalAudioExposureEvent+String.swift */,
				2B86078828226FAD00DB7E09 /* HKCategoryValueHeadphoneAudioExposureEvent+String.swift */,
			);
			path = "CategoryValue+Extensions";
			sourceTree = "<group>";
		};
		2B860742282220A900DB7E09 /* Workout+Extensions */ = {
			isa = PBXGroup;
			children = (
				2B71BC95281A761300F48CCE /* HKWorkoutActivityType+String.swift */,
			);
			path = "Workout+Extensions";
			sourceTree = "<group>";
		};
/* End PBXGroup section */

/* Begin PBXHeadersBuildPhase section */
		2B71BC62281A345100F48CCE /* Headers */ = {
			isa = PBXHeadersBuildPhase;
			buildActionMask = 2147483647;
			files = (
				2B71BC6C281A345200F48CCE /* InBody_HealthKit.h in Headers */,
			);
			runOnlyForDeploymentPostprocessing = 0;
		};
/* End PBXHeadersBuildPhase section */

/* Begin PBXNativeTarget section */
		2B71BC66281A345100F48CCE /* InBody_HealthKit */ = {
			isa = PBXNativeTarget;
			buildConfigurationList = 2B71BC6F281A345200F48CCE /* Build configuration list for PBXNativeTarget "InBody_HealthKit" */;
			buildPhases = (
				2B71BC62281A345100F48CCE /* Headers */,
				2B71BC63281A345100F48CCE /* Sources */,
				2B71BC64281A345100F48CCE /* Frameworks */,
				2B71BC65281A345100F48CCE /* Resources */,
			);
			buildRules = (
			);
			dependencies = (
			);
			name = InBody_HealthKit;
			productName = InBody_HealthKit;
			productReference = 2B71BC67281A345100F48CCE /* InBody_HealthKit.framework */;
			productType = "com.apple.product-type.framework";
		};
/* End PBXNativeTarget section */

/* Begin PBXProject section */
		2B71BC5E281A345100F48CCE /* Project object */ = {
			isa = PBXProject;
			attributes = {
				LastUpgradeCheck = 1250;
				TargetAttributes = {
					2B71BC66281A345100F48CCE = {
						CreatedOnToolsVersion = 12.5.1;
						LastSwiftMigration = 1250;
					};
				};
			};
			buildConfigurationList = 2B71BC61281A345100F48CCE /* Build configuration list for PBXProject "InBody_HealthKit" */;
			compatibilityVersion = "Xcode 9.3";
			developmentRegion = en;
			hasScannedForEncodings = 0;
			knownRegions = (
				en,
				Base,
			);
			mainGroup = 2B71BC5D281A345100F48CCE;
			productRefGroup = 2B71BC68281A345100F48CCE /* Products */;
			projectDirPath = "";
			projectRoot = "";
			targets = (
				2B71BC66281A345100F48CCE /* InBody_HealthKit */,
			);
		};
/* End PBXProject section */

/* Begin PBXResourcesBuildPhase section */
		2B71BC65281A345100F48CCE /* Resources */ = {
			isa = PBXResourcesBuildPhase;
			buildActionMask = 2147483647;
			files = (
			);
			runOnlyForDeploymentPostprocessing = 0;
		};
/* End PBXResourcesBuildPhase section */

/* Begin PBXSourcesBuildPhase section */
		2B71BC63281A345100F48CCE /* Sources */ = {
			isa = PBXSourcesBuildPhase;
			buildActionMask = 2147483647;
			files = (
				2B8607292822078E00DB7E09 /* HKCategoryValueAppleStandHour+String.swift in Sources */,
				2B86078928226FAD00DB7E09 /* HKCategoryValueHeadphoneAudioExposureEvent+String.swift in Sources */,
				2B71BC9C281B676000F48CCE /* LoadCharacteristicTypeData.swift in Sources */,
				2B71BC8E281A74EC00F48CCE /* Quantity.swift in Sources */,
				2B71BC96281A761300F48CCE /* HKWorkoutActivityType+String.swift in Sources */,
				2B421823282B4857009ADA05 /* DailyQuantity.swift in Sources */,
				2B86072D2822082D00DB7E09 /* HKCategoryValueCervicalMucusQuality+String.swift in Sources */,
				2B71BC9A281A841A00F48CCE /* Workout.swift in Sources */,
				2B86072F2822089000DB7E09 /* HKCategoryValueOvulationTestResult+String.swift in Sources */,
				2B86073B282217BE00DB7E09 /* HKCategoryValue+String.swift in Sources */,
				2B71BC93281A759C00F48CCE /* Date+Extensions.swift in Sources */,
				2B71BC90281A753600F48CCE /* LoadQuantityTypeData.swift in Sources */,
				2B71BCA2281B687300F48CCE /* HKFitzpatrickSkinType+String.swift in Sources */,
				2B86072628211E1F00DB7E09 /* HKCategoryValueSleepAnalysis+String.swift in Sources */,
				2B8607332822098A00DB7E09 /* HKCategoryValueContraceptive+String.swift in Sources */,
				2B86073D28221ECA00DB7E09 /* HKActivityMoveMode+String.swift in Sources */,
				2B8607372822161D00DB7E09 /* HKCategoryValuePresence+String.swift in Sources */,
				2B71BCD1281B7CAA00F48CCE /* LoadCategoryTypeData.swift in Sources */,
				2B8607312822091000DB7E09 /* HKCategoryValueMenstrualFlow+String.swift in Sources */,
				2B86073F28221F5200DB7E09 /* HKWheelchairUse+String.swift in Sources */,
				2B71BC8B281A732800F48CCE /* HealthKitSetupManager.swift in Sources */,
				2B8607392822166300DB7E09 /* HKCategoryValueAppetiteChanges+String.swift in Sources */,
				2B71BCD8281B864100F48CCE /* Category.swift in Sources */,
				2B71BCA0281B685C00F48CCE /* HKBiologicalSex+String.swift in Sources */,
				2B860735282214D900DB7E09 /* HKCategoryValueSeverity+String.swift in Sources */,
				2B86078728226F5400DB7E09 /* HKCategoryValueEnvironmentalAudioExposureEvent+String.swift in Sources */,
				2B71BC9E281B683700F48CCE /* HKBloodType+String.swift in Sources */,
				2B86072B282207F000DB7E09 /* HKCategoryValueLowCardioFitnessEvent+String.swift in Sources */,
				2B71BC98281A785F00F48CCE /* LoadWorkoutTypeData.swift in Sources */,
			);
			runOnlyForDeploymentPostprocessing = 0;
		};
/* End PBXSourcesBuildPhase section */

/* Begin XCBuildConfiguration section */
		2B71BC6D281A345200F48CCE /* Debug */ = {
			isa = XCBuildConfiguration;
			buildSettings = {
				ALWAYS_SEARCH_USER_PATHS = NO;
				CLANG_ANALYZER_NONNULL = YES;
				CLANG_ANALYZER_NUMBER_OBJECT_CONVERSION = YES_AGGRESSIVE;
				CLANG_CXX_LANGUAGE_STANDARD = "gnu++14";
				CLANG_CXX_LIBRARY = "libc++";
				CLANG_ENABLE_MODULES = YES;
				CLANG_ENABLE_OBJC_ARC = YES;
				CLANG_ENABLE_OBJC_WEAK = YES;
				CLANG_WARN_BLOCK_CAPTURE_AUTORELEASING = YES;
				CLANG_WARN_BOOL_CONVERSION = YES;
				CLANG_WARN_COMMA = YES;
				CLANG_WARN_CONSTANT_CONVERSION = YES;
				CLANG_WARN_DEPRECATED_OBJC_IMPLEMENTATIONS = YES;
				CLANG_WARN_DIRECT_OBJC_ISA_USAGE = YES_ERROR;
				CLANG_WARN_DOCUMENTATION_COMMENTS = YES;
				CLANG_WARN_EMPTY_BODY = YES;
				CLANG_WARN_ENUM_CONVERSION = YES;
				CLANG_WARN_INFINITE_RECURSION = YES;
				CLANG_WARN_INT_CONVERSION = YES;
				CLANG_WARN_NON_LITERAL_NULL_CONVERSION = YES;
				CLANG_WARN_OBJC_IMPLICIT_RETAIN_SELF = YES;
				CLANG_WARN_OBJC_LITERAL_CONVERSION = YES;
				CLANG_WARN_OBJC_ROOT_CLASS = YES_ERROR;
				CLANG_WARN_QUOTED_INCLUDE_IN_FRAMEWORK_HEADER = YES;
				CLANG_WARN_RANGE_LOOP_ANALYSIS = YES;
				CLANG_WARN_STRICT_PROTOTYPES = YES;
				CLANG_WARN_SUSPICIOUS_MOVE = YES;
				CLANG_WARN_UNGUARDED_AVAILABILITY = YES_AGGRESSIVE;
				CLANG_WARN_UNREACHABLE_CODE = YES;
				CLANG_WARN__DUPLICATE_METHOD_MATCH = YES;
				COPY_PHASE_STRIP = NO;
				CURRENT_PROJECT_VERSION = 1;
				DEBUG_INFORMATION_FORMAT = dwarf;
				ENABLE_STRICT_OBJC_MSGSEND = YES;
				ENABLE_TESTABILITY = YES;
				GCC_C_LANGUAGE_STANDARD = gnu11;
				GCC_DYNAMIC_NO_PIC = NO;
				GCC_NO_COMMON_BLOCKS = YES;
				GCC_OPTIMIZATION_LEVEL = 0;
				GCC_PREPROCESSOR_DEFINITIONS = (
					"DEBUG=1",
					"$(inherited)",
				);
				GCC_WARN_64_TO_32_BIT_CONVERSION = YES;
				GCC_WARN_ABOUT_RETURN_TYPE = YES_ERROR;
				GCC_WARN_UNDECLARED_SELECTOR = YES;
				GCC_WARN_UNINITIALIZED_AUTOS = YES_AGGRESSIVE;
				GCC_WARN_UNUSED_FUNCTION = YES;
				GCC_WARN_UNUSED_VARIABLE = YES;
				IPHONEOS_DEPLOYMENT_TARGET = 14.5;
				MTL_ENABLE_DEBUG_INFO = INCLUDE_SOURCE;
				MTL_FAST_MATH = YES;
				ONLY_ACTIVE_ARCH = YES;
				SDKROOT = iphoneos;
				SWIFT_ACTIVE_COMPILATION_CONDITIONS = DEBUG;
				SWIFT_OPTIMIZATION_LEVEL = "-Onone";
				VERSIONING_SYSTEM = "apple-generic";
				VERSION_INFO_PREFIX = "";
			};
			name = Debug;
		};
		2B71BC6E281A345200F48CCE /* Release */ = {
			isa = XCBuildConfiguration;
			buildSettings = {
				ALWAYS_SEARCH_USER_PATHS = NO;
				CLANG_ANALYZER_NONNULL = YES;
				CLANG_ANALYZER_NUMBER_OBJECT_CONVERSION = YES_AGGRESSIVE;
				CLANG_CXX_LANGUAGE_STANDARD = "gnu++14";
				CLANG_CXX_LIBRARY = "libc++";
				CLANG_ENABLE_MODULES = YES;
				CLANG_ENABLE_OBJC_ARC = YES;
				CLANG_ENABLE_OBJC_WEAK = YES;
				CLANG_WARN_BLOCK_CAPTURE_AUTORELEASING = YES;
				CLANG_WARN_BOOL_CONVERSION = YES;
				CLANG_WARN_COMMA = YES;
				CLANG_WARN_CONSTANT_CONVERSION = YES;
				CLANG_WARN_DEPRECATED_OBJC_IMPLEMENTATIONS = YES;
				CLANG_WARN_DIRECT_OBJC_ISA_USAGE = YES_ERROR;
				CLANG_WARN_DOCUMENTATION_COMMENTS = YES;
				CLANG_WARN_EMPTY_BODY = YES;
				CLANG_WARN_ENUM_CONVERSION = YES;
				CLANG_WARN_INFINITE_RECURSION = YES;
				CLANG_WARN_INT_CONVERSION = YES;
				CLANG_WARN_NON_LITERAL_NULL_CONVERSION = YES;
				CLANG_WARN_OBJC_IMPLICIT_RETAIN_SELF = YES;
				CLANG_WARN_OBJC_LITERAL_CONVERSION = YES;
				CLANG_WARN_OBJC_ROOT_CLASS = YES_ERROR;
				CLANG_WARN_QUOTED_INCLUDE_IN_FRAMEWORK_HEADER = YES;
				CLANG_WARN_RANGE_LOOP_ANALYSIS = YES;
				CLANG_WARN_STRICT_PROTOTYPES = YES;
				CLANG_WARN_SUSPICIOUS_MOVE = YES;
				CLANG_WARN_UNGUARDED_AVAILABILITY = YES_AGGRESSIVE;
				CLANG_WARN_UNREACHABLE_CODE = YES;
				CLANG_WARN__DUPLICATE_METHOD_MATCH = YES;
				COPY_PHASE_STRIP = NO;
				CURRENT_PROJECT_VERSION = 1;
				DEBUG_INFORMATION_FORMAT = "dwarf-with-dsym";
				ENABLE_NS_ASSERTIONS = NO;
				ENABLE_STRICT_OBJC_MSGSEND = YES;
				GCC_C_LANGUAGE_STANDARD = gnu11;
				GCC_NO_COMMON_BLOCKS = YES;
				GCC_WARN_64_TO_32_BIT_CONVERSION = YES;
				GCC_WARN_ABOUT_RETURN_TYPE = YES_ERROR;
				GCC_WARN_UNDECLARED_SELECTOR = YES;
				GCC_WARN_UNINITIALIZED_AUTOS = YES_AGGRESSIVE;
				GCC_WARN_UNUSED_FUNCTION = YES;
				GCC_WARN_UNUSED_VARIABLE = YES;
				IPHONEOS_DEPLOYMENT_TARGET = 14.5;
				MTL_ENABLE_DEBUG_INFO = NO;
				MTL_FAST_MATH = YES;
				SDKROOT = iphoneos;
				SWIFT_COMPILATION_MODE = wholemodule;
				SWIFT_OPTIMIZATION_LEVEL = "-O";
				VALIDATE_PRODUCT = YES;
				VERSIONING_SYSTEM = "apple-generic";
				VERSION_INFO_PREFIX = "";
			};
			name = Release;
		};
		2B71BC70281A345200F48CCE /* Debug */ = {
			isa = XCBuildConfiguration;
			buildSettings = {
				CLANG_ENABLE_MODULES = YES;
				"CODE_SIGN_IDENTITY[sdk=macosx*]" = "Apple Development";
				CODE_SIGN_STYLE = Automatic;
				DEFINES_MODULE = YES;
				DEVELOPMENT_TEAM = 2Q6MH57SWY;
				DYLIB_COMPATIBILITY_VERSION = 1;
				DYLIB_CURRENT_VERSION = 1;
				DYLIB_INSTALL_NAME_BASE = "@rpath";
				INFOPLIST_FILE = InBody_HealthKit/Info.plist;
				INSTALL_PATH = "$(LOCAL_LIBRARY_DIR)/Frameworks";
				LD_RUNPATH_SEARCH_PATHS = (
					"$(inherited)",
					"@executable_path/Frameworks",
					"@loader_path/Frameworks",
				);
				PRODUCT_BUNDLE_IDENTIFIER = "com.jsy.InBody-HealthKit";
				PRODUCT_NAME = "$(TARGET_NAME:c99extidentifier)";
				SKIP_INSTALL = YES;
				SWIFT_OPTIMIZATION_LEVEL = "-Onone";
				SWIFT_VERSION = 5.0;
				TARGETED_DEVICE_FAMILY = "1,2";
			};
			name = Debug;
		};
		2B71BC71281A345200F48CCE /* Release */ = {
			isa = XCBuildConfiguration;
			buildSettings = {
				CLANG_ENABLE_MODULES = YES;
				"CODE_SIGN_IDENTITY[sdk=macosx*]" = "Apple Development";
				CODE_SIGN_STYLE = Automatic;
				DEFINES_MODULE = YES;
				DEVELOPMENT_TEAM = 2Q6MH57SWY;
				DYLIB_COMPATIBILITY_VERSION = 1;
				DYLIB_CURRENT_VERSION = 1;
				DYLIB_INSTALL_NAME_BASE = "@rpath";
				INFOPLIST_FILE = InBody_HealthKit/Info.plist;
				INSTALL_PATH = "$(LOCAL_LIBRARY_DIR)/Frameworks";
				LD_RUNPATH_SEARCH_PATHS = (
					"$(inherited)",
					"@executable_path/Frameworks",
					"@loader_path/Frameworks",
				);
				PRODUCT_BUNDLE_IDENTIFIER = "com.jsy.InBody-HealthKit";
				PRODUCT_NAME = "$(TARGET_NAME:c99extidentifier)";
				SKIP_INSTALL = YES;
				SWIFT_VERSION = 5.0;
				TARGETED_DEVICE_FAMILY = "1,2";
			};
			name = Release;
		};
/* End XCBuildConfiguration section */

/* Begin XCConfigurationList section */
		2B71BC61281A345100F48CCE /* Build configuration list for PBXProject "InBody_HealthKit" */ = {
			isa = XCConfigurationList;
			buildConfigurations = (
				2B71BC6D281A345200F48CCE /* Debug */,
				2B71BC6E281A345200F48CCE /* Release */,
			);
			defaultConfigurationIsVisible = 0;
			defaultConfigurationName = Release;
		};
		2B71BC6F281A345200F48CCE /* Build configuration list for PBXNativeTarget "InBody_HealthKit" */ = {
			isa = XCConfigurationList;
			buildConfigurations = (
				2B71BC70281A345200F48CCE /* Debug */,
				2B71BC71281A345200F48CCE /* Release */,
			);
			defaultConfigurationIsVisible = 0;
			defaultConfigurationName = Release;
		};
/* End XCConfigurationList section */
	};
	rootObject = 2B71BC5E281A345100F48CCE /* Project object */;
}
